
Microsoft Visual Studio Solution File, Format Version 12.00
# Visual Studio 15
VisualStudioVersion = 15.0.26730.16
MinimumVisualStudioVersion = 10.0.40219.1
Project("{FAE04EC0-301F-11D3-BF4B-00C04F79EFBC}") = "Task4_Trolleybus_21", "Task4_Trolleybus_21\Task4_Trolleybus_21.csproj", "{8A680019-1879-4CA2-996C-56BC7DAFE91D}"
EndProject
Global
	GlobalSection(SolutionConfigurationPlatforms) = preSolution
		Debug|Any CPU = Debug|Any CPU
		Release|Any CPU = Release|Any CPU
	EndGlobalSection
	GlobalSection(ProjectConfigurationPlatforms) = postSolution
		{8A680019-1879-4CA2-996C-56BC7DAFE91D}.Debug|Any CPU.ActiveCfg = Debug|Any CPU
		{8A680019-1879-4CA2-996C-56BC7DAFE91D}.Debug|Any CPU.Build.0 = Debug|Any CPU
		{8A680019-1879-4CA2-996C-56BC7DAFE91D}.Release|Any CPU.ActiveCfg = Release|Any CPU
		{8A680019-1879-4CA2-996C-56BC7DAFE91D}.Release|Any CPU.Build.0 = Release|Any CPU
	EndGlobalSection
	GlobalSection(SolutionProperties) = preSolution
		HideSolutionNode = FALSE
	EndGlobalSection
	GlobalSection(ExtensibilityGlobals) = postSolution
		SolutionGuid = {E139BE2C-8887-4588-B690-363ABB3833D2}
	EndGlobalSection
EndGlobal
